// !$*UTF8*$!
{
	archiveVersion = 1;
	classes = {
	};
	objectVersion = 50;
	objects = {

/* Begin PBXBuildFile section */
		8B4B4B7624FEDFFF00DEF116 /* AppDelegate.swift in Sources */ = {isa = PBXBuildFile; fileRef = 8B4B4B7524FEDFFF00DEF116 /* AppDelegate.swift */; };
		8B4B4B7924FEDFFF00DEF116 /* SwiftUI_KDCalendar.xcdatamodeld in Sources */ = {isa = PBXBuildFile; fileRef = 8B4B4B7724FEDFFF00DEF116 /* SwiftUI_KDCalendar.xcdatamodeld */; };
		8B4B4B7B24FEDFFF00DEF116 /* SceneDelegate.swift in Sources */ = {isa = PBXBuildFile; fileRef = 8B4B4B7A24FEDFFF00DEF116 /* SceneDelegate.swift */; };
		8B4B4B7D24FEDFFF00DEF116 /* Event.swift in Sources */ = {isa = PBXBuildFile; fileRef = 8B4B4B7C24FEDFFF00DEF116 /* Event.swift */; };
		8B4B4B7F24FEDFFF00DEF116 /* ContentView.swift in Sources */ = {isa = PBXBuildFile; fileRef = 8B4B4B7E24FEDFFF00DEF116 /* ContentView.swift */; };
		8B4B4B8124FEE00100DEF116 /* Assets.xcassets in Resources */ = {isa = PBXBuildFile; fileRef = 8B4B4B8024FEE00100DEF116 /* Assets.xcassets */; };
		8B4B4B8424FEE00100DEF116 /* Preview Assets.xcassets in Resources */ = {isa = PBXBuildFile; fileRef = 8B4B4B8324FEE00100DEF116 /* Preview Assets.xcassets */; };
		8B4B4B8724FEE00100DEF116 /* LaunchScreen.storyboard in Resources */ = {isa = PBXBuildFile; fileRef = 8B4B4B8524FEE00100DEF116 /* LaunchScreen.storyboard */; };
		8B4B4B9224FEE00100DEF116 /* SwiftUI_KDCalendarTests.swift in Sources */ = {isa = PBXBuildFile; fileRef = 8B4B4B9124FEE00100DEF116 /* SwiftUI_KDCalendarTests.swift */; };
		8B4B4B9D24FEE00100DEF116 /* SwiftUI_KDCalendarUITests.swift in Sources */ = {isa = PBXBuildFile; fileRef = 8B4B4B9C24FEE00100DEF116 /* SwiftUI_KDCalendarUITests.swift */; };
		8B4B4BB424FEE04C00DEF116 /* EventsManager.swift in Sources */ = {isa = PBXBuildFile; fileRef = 8B4B4BAB24FEE04C00DEF116 /* EventsManager.swift */; };
		8B4B4BB524FEE04C00DEF116 /* CalendarFlowLayout.swift in Sources */ = {isa = PBXBuildFile; fileRef = 8B4B4BAC24FEE04C00DEF116 /* CalendarFlowLayout.swift */; };
		8B4B4BB624FEE04C00DEF116 /* CalendarView+Delegate.swift in Sources */ = {isa = PBXBuildFile; fileRef = 8B4B4BAD24FEE04C00DEF116 /* CalendarView+Delegate.swift */; };
		8B4B4BB724FEE04C00DEF116 /* CalendarDayCell.swift in Sources */ = {isa = PBXBuildFile; fileRef = 8B4B4BAE24FEE04C00DEF116 /* CalendarDayCell.swift */; };
		8B4B4BB824FEE04C00DEF116 /* CalendarView+DataSource.swift in Sources */ = {isa = PBXBuildFile; fileRef = 8B4B4BAF24FEE04C00DEF116 /* CalendarView+DataSource.swift */; };
		8B4B4BB924FEE04C00DEF116 /* CalendarView.swift in Sources */ = {isa = PBXBuildFile; fileRef = 8B4B4BB024FEE04C00DEF116 /* CalendarView.swift */; };
		8B4B4BBA24FEE04C00DEF116 /* CalendarHeaderView.swift in Sources */ = {isa = PBXBuildFile; fileRef = 8B4B4BB124FEE04C00DEF116 /* CalendarHeaderView.swift */; };
		8B4B4BBB24FEE04C00DEF116 /* CalendarView+Extensions.swift in Sources */ = {isa = PBXBuildFile; fileRef = 8B4B4BB224FEE04C00DEF116 /* CalendarView+Extensions.swift */; };
		8B4B4BBC24FEE04C00DEF116 /* CalendarView+Style.swift in Sources */ = {isa = PBXBuildFile; fileRef = 8B4B4BB324FEE04C00DEF116 /* CalendarView+Style.swift */; };
		8B4B4BBE24FEE09500DEF116 /* CalendarViewWrapper.swift in Sources */ = {isa = PBXBuildFile; fileRef = 8B4B4BBD24FEE09500DEF116 /* CalendarViewWrapper.swift */; };
		8B4B4BC024FEE51300DEF116 /* Booking+CoreDataClass.swift in Sources */ = {isa = PBXBuildFile; fileRef = 8B4B4BBF24FEE51300DEF116 /* Booking+CoreDataClass.swift */; };
		8B4B4BC224FEE53D00DEF116 /* Booking+CoreDataProperties.swift in Sources */ = {isa = PBXBuildFile; fileRef = 8B4B4BC124FEE53D00DEF116 /* Booking+CoreDataProperties.swift */; };
		8B4B4BC424FF31AF00DEF116 /* CalendarViewController.swift in Sources */ = {isa = PBXBuildFile; fileRef = 8B4B4BC324FF31AF00DEF116 /* CalendarViewController.swift */; };
/* End PBXBuildFile section */

/* Begin PBXContainerItemProxy section */
		8B4B4B8E24FEE00100DEF116 /* PBXContainerItemProxy */ = {
			isa = PBXContainerItemProxy;
			containerPortal = 8B4B4B6A24FEDFFF00DEF116 /* Project object */;
			proxyType = 1;
			remoteGlobalIDString = 8B4B4B7124FEDFFF00DEF116;
			remoteInfo = "SwiftUI-KDCalendar";
		};
		8B4B4B9924FEE00100DEF116 /* PBXContainerItemProxy */ = {
			isa = PBXContainerItemProxy;
			containerPortal = 8B4B4B6A24FEDFFF00DEF116 /* Project object */;
			proxyType = 1;
			remoteGlobalIDString = 8B4B4B7124FEDFFF00DEF116;
			remoteInfo = "SwiftUI-KDCalendar";
		};
/* End PBXContainerItemProxy section */

/* Begin PBXFileReference section */
		8B4B4B7224FEDFFF00DEF116 /* SwiftUI-KDCalendar.app */ = {isa = PBXFileReference; explicitFileType = wrapper.application; includeInIndex = 0; path = "SwiftUI-KDCalendar.app"; sourceTree = BUILT_PRODUCTS_DIR; };
		8B4B4B7524FEDFFF00DEF116 /* AppDelegate.swift */ = {isa = PBXFileReference; lastKnownFileType = sourcecode.swift; path = AppDelegate.swift; sourceTree = "<group>"; };
		8B4B4B7824FEDFFF00DEF116 /* SwiftUI_KDCalendar.xcdatamodel */ = {isa = PBXFileReference; lastKnownFileType = wrapper.xcdatamodel; path = SwiftUI_KDCalendar.xcdatamodel; sourceTree = "<group>"; };
		8B4B4B7A24FEDFFF00DEF116 /* SceneDelegate.swift */ = {isa = PBXFileReference; lastKnownFileType = sourcecode.swift; path = SceneDelegate.swift; sourceTree = "<group>"; };
		8B4B4B7C24FEDFFF00DEF116 /* Event.swift */ = {isa = PBXFileReference; lastKnownFileType = sourcecode.swift; path = Event.swift; sourceTree = "<group>"; };
		8B4B4B7E24FEDFFF00DEF116 /* ContentView.swift */ = {isa = PBXFileReference; lastKnownFileType = sourcecode.swift; path = ContentView.swift; sourceTree = "<group>"; };
		8B4B4B8024FEE00100DEF116 /* Assets.xcassets */ = {isa = PBXFileReference; lastKnownFileType = folder.assetcatalog; path = Assets.xcassets; sourceTree = "<group>"; };
		8B4B4B8324FEE00100DEF116 /* Preview Assets.xcassets */ = {isa = PBXFileReference; lastKnownFileType = folder.assetcatalog; path = "Preview Assets.xcassets"; sourceTree = "<group>"; };
		8B4B4B8624FEE00100DEF116 /* Base */ = {isa = PBXFileReference; lastKnownFileType = file.storyboard; name = Base; path = Base.lproj/LaunchScreen.storyboard; sourceTree = "<group>"; };
		8B4B4B8824FEE00100DEF116 /* Info.plist */ = {isa = PBXFileReference; lastKnownFileType = text.plist.xml; path = Info.plist; sourceTree = "<group>"; };
		8B4B4B8D24FEE00100DEF116 /* SwiftUI-KDCalendarTests.xctest */ = {isa = PBXFileReference; explicitFileType = wrapper.cfbundle; includeInIndex = 0; path = "SwiftUI-KDCalendarTests.xctest"; sourceTree = BUILT_PRODUCTS_DIR; };
		8B4B4B9124FEE00100DEF116 /* SwiftUI_KDCalendarTests.swift */ = {isa = PBXFileReference; lastKnownFileType = sourcecode.swift; path = SwiftUI_KDCalendarTests.swift; sourceTree = "<group>"; };
		8B4B4B9324FEE00100DEF116 /* Info.plist */ = {isa = PBXFileReference; lastKnownFileType = text.plist.xml; path = Info.plist; sourceTree = "<group>"; };
		8B4B4B9824FEE00100DEF116 /* SwiftUI-KDCalendarUITests.xctest */ = {isa = PBXFileReference; explicitFileType = wrapper.cfbundle; includeInIndex = 0; path = "SwiftUI-KDCalendarUITests.xctest"; sourceTree = BUILT_PRODUCTS_DIR; };
		8B4B4B9C24FEE00100DEF116 /* SwiftUI_KDCalendarUITests.swift */ = {isa = PBXFileReference; lastKnownFileType = sourcecode.swift; path = SwiftUI_KDCalendarUITests.swift; sourceTree = "<group>"; };
		8B4B4B9E24FEE00100DEF116 /* Info.plist */ = {isa = PBXFileReference; lastKnownFileType = text.plist.xml; path = Info.plist; sourceTree = "<group>"; };
		8B4B4BAB24FEE04C00DEF116 /* EventsManager.swift */ = {isa = PBXFileReference; fileEncoding = 4; lastKnownFileType = sourcecode.swift; name = EventsManager.swift; path = ../../../../Documents/CalendarView/KDCalendar/CalendarView/EventsManager.swift; sourceTree = "<group>"; };
		8B4B4BAC24FEE04C00DEF116 /* CalendarFlowLayout.swift */ = {isa = PBXFileReference; fileEncoding = 4; lastKnownFileType = sourcecode.swift; name = CalendarFlowLayout.swift; path = ../../../../Documents/CalendarView/KDCalendar/CalendarView/CalendarFlowLayout.swift; sourceTree = "<group>"; };
		8B4B4BAD24FEE04C00DEF116 /* CalendarView+Delegate.swift */ = {isa = PBXFileReference; fileEncoding = 4; lastKnownFileType = sourcecode.swift; name = "CalendarView+Delegate.swift"; path = "../../../../Documents/CalendarView/KDCalendar/CalendarView/CalendarView+Delegate.swift"; sourceTree = "<group>"; };
		8B4B4BAE24FEE04C00DEF116 /* CalendarDayCell.swift */ = {isa = PBXFileReference; fileEncoding = 4; lastKnownFileType = sourcecode.swift; name = CalendarDayCell.swift; path = ../../../../Documents/CalendarView/KDCalendar/CalendarView/CalendarDayCell.swift; sourceTree = "<group>"; };
		8B4B4BAF24FEE04C00DEF116 /* CalendarView+DataSource.swift */ = {isa = PBXFileReference; fileEncoding = 4; lastKnownFileType = sourcecode.swift; name = "CalendarView+DataSource.swift"; path = "../../../../Documents/CalendarView/KDCalendar/CalendarView/CalendarView+DataSource.swift"; sourceTree = "<group>"; };
		8B4B4BB024FEE04C00DEF116 /* CalendarView.swift */ = {isa = PBXFileReference; fileEncoding = 4; lastKnownFileType = sourcecode.swift; name = CalendarView.swift; path = ../../../../Documents/CalendarView/KDCalendar/CalendarView/CalendarView.swift; sourceTree = "<group>"; };
		8B4B4BB124FEE04C00DEF116 /* CalendarHeaderView.swift */ = {isa = PBXFileReference; fileEncoding = 4; lastKnownFileType = sourcecode.swift; name = CalendarHeaderView.swift; path = ../../../../Documents/CalendarView/KDCalendar/CalendarView/CalendarHeaderView.swift; sourceTree = "<group>"; };
		8B4B4BB224FEE04C00DEF116 /* CalendarView+Extensions.swift */ = {isa = PBXFileReference; fileEncoding = 4; lastKnownFileType = sourcecode.swift; name = "CalendarView+Extensions.swift"; path = "../../../../Documents/CalendarView/KDCalendar/CalendarView/CalendarView+Extensions.swift"; sourceTree = "<group>"; };
		8B4B4BB324FEE04C00DEF116 /* CalendarView+Style.swift */ = {isa = PBXFileReference; fileEncoding = 4; lastKnownFileType = sourcecode.swift; name = "CalendarView+Style.swift"; path = "../../../../Documents/CalendarView/KDCalendar/CalendarView/CalendarView+Style.swift"; sourceTree = "<group>"; };
		8B4B4BBD24FEE09500DEF116 /* CalendarViewWrapper.swift */ = {isa = PBXFileReference; lastKnownFileType = sourcecode.swift; path = CalendarViewWrapper.swift; sourceTree = "<group>"; };
		8B4B4BBF24FEE51300DEF116 /* Booking+CoreDataClass.swift */ = {isa = PBXFileReference; lastKnownFileType = sourcecode.swift; path = "Booking+CoreDataClass.swift"; sourceTree = "<group>"; };
		8B4B4BC124FEE53D00DEF116 /* Booking+CoreDataProperties.swift */ = {isa = PBXFileReference; lastKnownFileType = sourcecode.swift; path = "Booking+CoreDataProperties.swift"; sourceTree = "<group>"; };
		8B4B4BC324FF31AF00DEF116 /* CalendarViewController.swift */ = {isa = PBXFileReference; lastKnownFileType = sourcecode.swift; path = CalendarViewController.swift; sourceTree = "<group>"; };
/* End PBXFileReference section */

/* Begin PBXFrameworksBuildPhase section */
		8B4B4B6F24FEDFFF00DEF116 /* Frameworks */ = {
			isa = PBXFrameworksBuildPhase;
			buildActionMask = 2147483647;
			files = (
			);
			runOnlyForDeploymentPostprocessing = 0;
		};
		8B4B4B8A24FEE00100DEF116 /* Frameworks */ = {
			isa = PBXFrameworksBuildPhase;
			buildActionMask = 2147483647;
			files = (
			);
			runOnlyForDeploymentPostprocessing = 0;
		};
		8B4B4B9524FEE00100DEF116 /* Frameworks */ = {
			isa = PBXFrameworksBuildPhase;
			buildActionMask = 2147483647;
			files = (
			);
			runOnlyForDeploymentPostprocessing = 0;
		};
/* End PBXFrameworksBuildPhase section */

/* Begin PBXGroup section */
		8B4B4B6924FEDFFF00DEF116 = {
			isa = PBXGroup;
			children = (
				8B4B4BC124FEE53D00DEF116 /* Booking+CoreDataProperties.swift */,
				8B4B4BBF24FEE51300DEF116 /* Booking+CoreDataClass.swift */,
				8B4B4B7424FEDFFF00DEF116 /* SwiftUI-KDCalendar */,
				8B4B4B9024FEE00100DEF116 /* SwiftUI-KDCalendarTests */,
				8B4B4B9B24FEE00100DEF116 /* SwiftUI-KDCalendarUITests */,
				8B4B4B7324FEDFFF00DEF116 /* Products */,
			);
			sourceTree = "<group>";
		};
		8B4B4B7324FEDFFF00DEF116 /* Products */ = {
			isa = PBXGroup;
			children = (
				8B4B4B7224FEDFFF00DEF116 /* SwiftUI-KDCalendar.app */,
				8B4B4B8D24FEE00100DEF116 /* SwiftUI-KDCalendarTests.xctest */,
				8B4B4B9824FEE00100DEF116 /* SwiftUI-KDCalendarUITests.xctest */,
			);
			name = Products;
			sourceTree = "<group>";
		};
		8B4B4B7424FEDFFF00DEF116 /* SwiftUI-KDCalendar */ = {
			isa = PBXGroup;
			children = (
				8B4B4BAA24FEE02600DEF116 /* CalendarView */,
				8B4B4B7524FEDFFF00DEF116 /* AppDelegate.swift */,
				8B4B4B7A24FEDFFF00DEF116 /* SceneDelegate.swift */,
				8B4B4B7C24FEDFFF00DEF116 /* Event.swift */,
				8B4B4B7E24FEDFFF00DEF116 /* ContentView.swift */,
				8B4B4B8024FEE00100DEF116 /* Assets.xcassets */,
				8B4B4B8524FEE00100DEF116 /* LaunchScreen.storyboard */,
				8B4B4B8824FEE00100DEF116 /* Info.plist */,
				8B4B4B7724FEDFFF00DEF116 /* SwiftUI_KDCalendar.xcdatamodeld */,
				8B4B4B8224FEE00100DEF116 /* Preview Content */,
				8B4B4BBD24FEE09500DEF116 /* CalendarViewWrapper.swift */,
				8B4B4BC324FF31AF00DEF116 /* CalendarViewController.swift */,
			);
			path = "SwiftUI-KDCalendar";
			sourceTree = "<group>";
		};
		8B4B4B8224FEE00100DEF116 /* Preview Content */ = {
			isa = PBXGroup;
			children = (
				8B4B4B8324FEE00100DEF116 /* Preview Assets.xcassets */,
			);
			path = "Preview Content";
			sourceTree = "<group>";
		};
		8B4B4B9024FEE00100DEF116 /* SwiftUI-KDCalendarTests */ = {
			isa = PBXGroup;
			children = (
				8B4B4B9124FEE00100DEF116 /* SwiftUI_KDCalendarTests.swift */,
				8B4B4B9324FEE00100DEF116 /* Info.plist */,
			);
			path = "SwiftUI-KDCalendarTests";
			sourceTree = "<group>";
		};
		8B4B4B9B24FEE00100DEF116 /* SwiftUI-KDCalendarUITests */ = {
			isa = PBXGroup;
			children = (
				8B4B4B9C24FEE00100DEF116 /* SwiftUI_KDCalendarUITests.swift */,
				8B4B4B9E24FEE00100DEF116 /* Info.plist */,
			);
			path = "SwiftUI-KDCalendarUITests";
			sourceTree = "<group>";
		};
		8B4B4BAA24FEE02600DEF116 /* CalendarView */ = {
			isa = PBXGroup;
			children = (
				8B4B4BAE24FEE04C00DEF116 /* CalendarDayCell.swift */,
				8B4B4BAC24FEE04C00DEF116 /* CalendarFlowLayout.swift */,
				8B4B4BB124FEE04C00DEF116 /* CalendarHeaderView.swift */,
				8B4B4BB024FEE04C00DEF116 /* CalendarView.swift */,
				8B4B4BAF24FEE04C00DEF116 /* CalendarView+DataSource.swift */,
				8B4B4BAD24FEE04C00DEF116 /* CalendarView+Delegate.swift */,
				8B4B4BB224FEE04C00DEF116 /* CalendarView+Extensions.swift */,
				8B4B4BB324FEE04C00DEF116 /* CalendarView+Style.swift */,
				8B4B4BAB24FEE04C00DEF116 /* EventsManager.swift */,
			);
			path = CalendarView;
			sourceTree = "<group>";
		};
/* End PBXGroup section */

/* Begin PBXNativeTarget section */
		8B4B4B7124FEDFFF00DEF116 /* SwiftUI-KDCalendar */ = {
			isa = PBXNativeTarget;
			buildConfigurationList = 8B4B4BA124FEE00100DEF116 /* Build configuration list for PBXNativeTarget "SwiftUI-KDCalendar" */;
			buildPhases = (
				8B4B4B6E24FEDFFF00DEF116 /* Sources */,
				8B4B4B6F24FEDFFF00DEF116 /* Frameworks */,
				8B4B4B7024FEDFFF00DEF116 /* Resources */,
			);
			buildRules = (
			);
			dependencies = (
			);
			name = "SwiftUI-KDCalendar";
			productName = "SwiftUI-KDCalendar";
			productReference = 8B4B4B7224FEDFFF00DEF116 /* SwiftUI-KDCalendar.app */;
			productType = "com.apple.product-type.application";
		};
		8B4B4B8C24FEE00100DEF116 /* SwiftUI-KDCalendarTests */ = {
			isa = PBXNativeTarget;
			buildConfigurationList = 8B4B4BA424FEE00100DEF116 /* Build configuration list for PBXNativeTarget "SwiftUI-KDCalendarTests" */;
			buildPhases = (
				8B4B4B8924FEE00100DEF116 /* Sources */,
				8B4B4B8A24FEE00100DEF116 /* Frameworks */,
				8B4B4B8B24FEE00100DEF116 /* Resources */,
			);
			buildRules = (
			);
			dependencies = (
				8B4B4B8F24FEE00100DEF116 /* PBXTargetDependency */,
			);
			name = "SwiftUI-KDCalendarTests";
			productName = "SwiftUI-KDCalendarTests";
			productReference = 8B4B4B8D24FEE00100DEF116 /* SwiftUI-KDCalendarTests.xctest */;
			productType = "com.apple.product-type.bundle.unit-test";
		};
		8B4B4B9724FEE00100DEF116 /* SwiftUI-KDCalendarUITests */ = {
			isa = PBXNativeTarget;
			buildConfigurationList = 8B4B4BA724FEE00100DEF116 /* Build configuration list for PBXNativeTarget "SwiftUI-KDCalendarUITests" */;
			buildPhases = (
				8B4B4B9424FEE00100DEF116 /* Sources */,
				8B4B4B9524FEE00100DEF116 /* Frameworks */,
				8B4B4B9624FEE00100DEF116 /* Resources */,
			);
			buildRules = (
			);
			dependencies = (
				8B4B4B9A24FEE00100DEF116 /* PBXTargetDependency */,
			);
			name = "SwiftUI-KDCalendarUITests";
			productName = "SwiftUI-KDCalendarUITests";
			productReference = 8B4B4B9824FEE00100DEF116 /* SwiftUI-KDCalendarUITests.xctest */;
			productType = "com.apple.product-type.bundle.ui-testing";
		};
/* End PBXNativeTarget section */

/* Begin PBXProject section */
		8B4B4B6A24FEDFFF00DEF116 /* Project object */ = {
			isa = PBXProject;
			attributes = {
				LastSwiftUpdateCheck = 1150;
				LastUpgradeCheck = 1150;
				ORGANIZATIONNAME = aegladfelter;
				TargetAttributes = {
					8B4B4B7124FEDFFF00DEF116 = {
						CreatedOnToolsVersion = 11.5;
					};
					8B4B4B8C24FEE00100DEF116 = {
						CreatedOnToolsVersion = 11.5;
						TestTargetID = 8B4B4B7124FEDFFF00DEF116;
					};
					8B4B4B9724FEE00100DEF116 = {
						CreatedOnToolsVersion = 11.5;
						TestTargetID = 8B4B4B7124FEDFFF00DEF116;
					};
				};
			};
			buildConfigurationList = 8B4B4B6D24FEDFFF00DEF116 /* Build configuration list for PBXProject "SwiftUI-KDCalendar" */;
			compatibilityVersion = "Xcode 9.3";
			developmentRegion = en;
			hasScannedForEncodings = 0;
			knownRegions = (
				en,
				Base,
			);
			mainGroup = 8B4B4B6924FEDFFF00DEF116;
			productRefGroup = 8B4B4B7324FEDFFF00DEF116 /* Products */;
			projectDirPath = "";
			projectRoot = "";
			targets = (
				8B4B4B7124FEDFFF00DEF116 /* SwiftUI-KDCalendar */,
				8B4B4B8C24FEE00100DEF116 /* SwiftUI-KDCalendarTests */,
				8B4B4B9724FEE00100DEF116 /* SwiftUI-KDCalendarUITests */,
			);
		};
/* End PBXProject section */

/* Begin PBXResourcesBuildPhase section */
		8B4B4B7024FEDFFF00DEF116 /* Resources */ = {
			isa = PBXResourcesBuildPhase;
			buildActionMask = 2147483647;
			files = (
				8B4B4B8724FEE00100DEF116 /* LaunchScreen.storyboard in Resources */,
				8B4B4B8424FEE00100DEF116 /* Preview Assets.xcassets in Resources */,
				8B4B4B8124FEE00100DEF116 /* Assets.xcassets in Resources */,
			);
			runOnlyForDeploymentPostprocessing = 0;
		};
		8B4B4B8B24FEE00100DEF116 /* Resources */ = {
			isa = PBXResourcesBuildPhase;
			buildActionMask = 2147483647;
			files = (
			);
			runOnlyForDeploymentPostprocessing = 0;
		};
		8B4B4B9624FEE00100DEF116 /* Resources */ = {
			isa = PBXResourcesBuildPhase;
			buildActionMask = 2147483647;
			files = (
			);
			runOnlyForDeploymentPostprocessing = 0;
		};
/* End PBXResourcesBuildPhase section */

/* Begin PBXSourcesBuildPhase section */
		8B4B4B6E24FEDFFF00DEF116 /* Sources */ = {
			isa = PBXSourcesBuildPhase;
			buildActionMask = 2147483647;
			files = (
				8B4B4BB424FEE04C00DEF116 /* EventsManager.swift in Sources */,
				8B4B4BBE24FEE09500DEF116 /* CalendarViewWrapper.swift in Sources */,
				8B4B4BBA24FEE04C00DEF116 /* CalendarHeaderView.swift in Sources */,
				8B4B4BC024FEE51300DEF116 /* Booking+CoreDataClass.swift in Sources */,
				8B4B4BB624FEE04C00DEF116 /* CalendarView+Delegate.swift in Sources */,
				8B4B4BB524FEE04C00DEF116 /* CalendarFlowLayout.swift in Sources */,
				8B4B4BC424FF31AF00DEF116 /* CalendarViewController.swift in Sources */,
				8B4B4BBC24FEE04C00DEF116 /* CalendarView+Style.swift in Sources */,
				8B4B4B7D24FEDFFF00DEF116 /* Event.swift in Sources */,
				8B4B4B7F24FEDFFF00DEF116 /* ContentView.swift in Sources */,
				8B4B4BB824FEE04C00DEF116 /* CalendarView+DataSource.swift in Sources */,
				8B4B4BC224FEE53D00DEF116 /* Booking+CoreDataProperties.swift in Sources */,
				8B4B4BB924FEE04C00DEF116 /* CalendarView.swift in Sources */,
				8B4B4BB724FEE04C00DEF116 /* CalendarDayCell.swift in Sources */,
				8B4B4B7924FEDFFF00DEF116 /* SwiftUI_KDCalendar.xcdatamodeld in Sources */,
				8B4B4B7624FEDFFF00DEF116 /* AppDelegate.swift in Sources */,
				8B4B4BBB24FEE04C00DEF116 /* CalendarView+Extensions.swift in Sources */,
				8B4B4B7B24FEDFFF00DEF116 /* SceneDelegate.swift in Sources */,
			);
			runOnlyForDeploymentPostprocessing = 0;
		};
		8B4B4B8924FEE00100DEF116 /* Sources */ = {
			isa = PBXSourcesBuildPhase;
			buildActionMask = 2147483647;
			files = (
				8B4B4B9224FEE00100DEF116 /* SwiftUI_KDCalendarTests.swift in Sources */,
			);
			runOnlyForDeploymentPostprocessing = 0;
		};
		8B4B4B9424FEE00100DEF116 /* Sources */ = {
			isa = PBXSourcesBuildPhase;
			buildActionMask = 2147483647;
			files = (
				8B4B4B9D24FEE00100DEF116 /* SwiftUI_KDCalendarUITests.swift in Sources */,
			);
			runOnlyForDeploymentPostprocessing = 0;
		};
/* End PBXSourcesBuildPhase section */

/* Begin PBXTargetDependency section */
		8B4B4B8F24FEE00100DEF116 /* PBXTargetDependency */ = {
			isa = PBXTargetDependency;
			target = 8B4B4B7124FEDFFF00DEF116 /* SwiftUI-KDCalendar */;
			targetProxy = 8B4B4B8E24FEE00100DEF116 /* PBXContainerItemProxy */;
		};
		8B4B4B9A24FEE00100DEF116 /* PBXTargetDependency */ = {
			isa = PBXTargetDependency;
			target = 8B4B4B7124FEDFFF00DEF116 /* SwiftUI-KDCalendar */;
			targetProxy = 8B4B4B9924FEE00100DEF116 /* PBXContainerItemProxy */;
		};
/* End PBXTargetDependency section */

/* Begin PBXVariantGroup section */
		8B4B4B8524FEE00100DEF116 /* LaunchScreen.storyboard */ = {
			isa = PBXVariantGroup;
			children = (
				8B4B4B8624FEE00100DEF116 /* Base */,
			);
			name = LaunchScreen.storyboard;
			sourceTree = "<group>";
		};
/* End PBXVariantGroup section */

/* Begin XCBuildConfiguration section */
		8B4B4B9F24FEE00100DEF116 /* Debug */ = {
			isa = XCBuildConfiguration;
			buildSettings = {
				ALWAYS_SEARCH_USER_PATHS = NO;
				CLANG_ANALYZER_NONNULL = YES;
				CLANG_ANALYZER_NUMBER_OBJECT_CONVERSION = YES_AGGRESSIVE;
				CLANG_CXX_LANGUAGE_STANDARD = "gnu++14";
				CLANG_CXX_LIBRARY = "libc++";
				CLANG_ENABLE_MODULES = YES;
				CLANG_ENABLE_OBJC_ARC = YES;
				CLANG_ENABLE_OBJC_WEAK = YES;
				CLANG_WARN_BLOCK_CAPTURE_AUTORELEASING = YES;
				CLANG_WARN_BOOL_CONVERSION = YES;
				CLANG_WARN_COMMA = YES;
				CLANG_WARN_CONSTANT_CONVERSION = YES;
				CLANG_WARN_DEPRECATED_OBJC_IMPLEMENTATIONS = YES;
				CLANG_WARN_DIRECT_OBJC_ISA_USAGE = YES_ERROR;
				CLANG_WARN_DOCUMENTATION_COMMENTS = YES;
				CLANG_WARN_EMPTY_BODY = YES;
				CLANG_WARN_ENUM_CONVERSION = YES;
				CLANG_WARN_INFINITE_RECURSION = YES;
				CLANG_WARN_INT_CONVERSION = YES;
				CLANG_WARN_NON_LITERAL_NULL_CONVERSION = YES;
				CLANG_WARN_OBJC_IMPLICIT_RETAIN_SELF = YES;
				CLANG_WARN_OBJC_LITERAL_CONVERSION = YES;
				CLANG_WARN_OBJC_ROOT_CLASS = YES_ERROR;
				CLANG_WARN_RANGE_LOOP_ANALYSIS = YES;
				CLANG_WARN_STRICT_PROTOTYPES = YES;
				CLANG_WARN_SUSPICIOUS_MOVE = YES;
				CLANG_WARN_UNGUARDED_AVAILABILITY = YES_AGGRESSIVE;
				CLANG_WARN_UNREACHABLE_CODE = YES;
				CLANG_WARN__DUPLICATE_METHOD_MATCH = YES;
				COPY_PHASE_STRIP = NO;
				DEBUG_INFORMATION_FORMAT = dwarf;
				ENABLE_STRICT_OBJC_MSGSEND = YES;
				ENABLE_TESTABILITY = YES;
				GCC_C_LANGUAGE_STANDARD = gnu11;
				GCC_DYNAMIC_NO_PIC = NO;
				GCC_NO_COMMON_BLOCKS = YES;
				GCC_OPTIMIZATION_LEVEL = 0;
				GCC_PREPROCESSOR_DEFINITIONS = (
					"DEBUG=1",
					"$(inherited)",
				);
				GCC_WARN_64_TO_32_BIT_CONVERSION = YES;
				GCC_WARN_ABOUT_RETURN_TYPE = YES_ERROR;
				GCC_WARN_UNDECLARED_SELECTOR = YES;
				GCC_WARN_UNINITIALIZED_AUTOS = YES_AGGRESSIVE;
				GCC_WARN_UNUSED_FUNCTION = YES;
				GCC_WARN_UNUSED_VARIABLE = YES;
				IPHONEOS_DEPLOYMENT_TARGET = 13.5;
				MTL_ENABLE_DEBUG_INFO = INCLUDE_SOURCE;
				MTL_FAST_MATH = YES;
				ONLY_ACTIVE_ARCH = YES;
				SDKROOT = iphoneos;
				SWIFT_ACTIVE_COMPILATION_CONDITIONS = DEBUG;
				SWIFT_OPTIMIZATION_LEVEL = "-Onone";
			};
			name = Debug;
		};
		8B4B4BA024FEE00100DEF116 /* Release */ = {
			isa = XCBuildConfiguration;
			buildSettings = {
				ALWAYS_SEARCH_USER_PATHS = NO;
				CLANG_ANALYZER_NONNULL = YES;
				CLANG_ANALYZER_NUMBER_OBJECT_CONVERSION = YES_AGGRESSIVE;
				CLANG_CXX_LANGUAGE_STANDARD = "gnu++14";
				CLANG_CXX_LIBRARY = "libc++";
				CLANG_ENABLE_MODULES = YES;
				CLANG_ENABLE_OBJC_ARC = YES;
				CLANG_ENABLE_OBJC_WEAK = YES;
				CLANG_WARN_BLOCK_CAPTURE_AUTORELEASING = YES;
				CLANG_WARN_BOOL_CONVERSION = YES;
				CLANG_WARN_COMMA = YES;
				CLANG_WARN_CONSTANT_CONVERSION = YES;
				CLANG_WARN_DEPRECATED_OBJC_IMPLEMENTATIONS = YES;
				CLANG_WARN_DIRECT_OBJC_ISA_USAGE = YES_ERROR;
				CLANG_WARN_DOCUMENTATION_COMMENTS = YES;
				CLANG_WARN_EMPTY_BODY = YES;
				CLANG_WARN_ENUM_CONVERSION = YES;
				CLANG_WARN_INFINITE_RECURSION = YES;
				CLANG_WARN_INT_CONVERSION = YES;
				CLANG_WARN_NON_LITERAL_NULL_CONVERSION = YES;
				CLANG_WARN_OBJC_IMPLICIT_RETAIN_SELF = YES;
				CLANG_WARN_OBJC_LITERAL_CONVERSION = YES;
				CLANG_WARN_OBJC_ROOT_CLASS = YES_ERROR;
				CLANG_WARN_RANGE_LOOP_ANALYSIS = YES;
				CLANG_WARN_STRICT_PROTOTYPES = YES;
				CLANG_WARN_SUSPICIOUS_MOVE = YES;
				CLANG_WARN_UNGUARDED_AVAILABILITY = YES_AGGRESSIVE;
				CLANG_WARN_UNREACHABLE_CODE = YES;
				CLANG_WARN__DUPLICATE_METHOD_MATCH = YES;
				COPY_PHASE_STRIP = NO;
				DEBUG_INFORMATION_FORMAT = "dwarf-with-dsym";
				ENABLE_NS_ASSERTIONS = NO;
				ENABLE_STRICT_OBJC_MSGSEND = YES;
				GCC_C_LANGUAGE_STANDARD = gnu11;
				GCC_NO_COMMON_BLOCKS = YES;
				GCC_WARN_64_TO_32_BIT_CONVERSION = YES;
				GCC_WARN_ABOUT_RETURN_TYPE = YES_ERROR;
				GCC_WARN_UNDECLARED_SELECTOR = YES;
				GCC_WARN_UNINITIALIZED_AUTOS = YES_AGGRESSIVE;
				GCC_WARN_UNUSED_FUNCTION = YES;
				GCC_WARN_UNUSED_VARIABLE = YES;
				IPHONEOS_DEPLOYMENT_TARGET = 13.5;
				MTL_ENABLE_DEBUG_INFO = NO;
				MTL_FAST_MATH = YES;
				SDKROOT = iphoneos;
				SWIFT_COMPILATION_MODE = wholemodule;
				SWIFT_OPTIMIZATION_LEVEL = "-O";
				VALIDATE_PRODUCT = YES;
			};
			name = Release;
		};
		8B4B4BA224FEE00100DEF116 /* Debug */ = {
			isa = XCBuildConfiguration;
			buildSettings = {
				ASSETCATALOG_COMPILER_APPICON_NAME = AppIcon;
				CODE_SIGN_STYLE = Automatic;
				DEVELOPMENT_ASSET_PATHS = "\"SwiftUI-KDCalendar/Preview Content\"";
				DEVELOPMENT_TEAM = Q9769ZHH4G;
				ENABLE_PREVIEWS = YES;
				INFOPLIST_FILE = "SwiftUI-KDCalendar/Info.plist";
				LD_RUNPATH_SEARCH_PATHS = (
					"$(inherited)",
					"@executable_path/Frameworks",
				);
				OTHER_SWIFT_FLAGS = "";
				PRODUCT_BUNDLE_IDENTIFIER = "aegladfelter.SwiftUI-KDCalendar";
				PRODUCT_NAME = "$(TARGET_NAME)";
				"SWIFT_ACTIVE_COMPILATION_CONDITIONS[arch=*]" = KDCALENDAR_EVENT_MANAGER_ENABLED;
				SWIFT_VERSION = 5.0;
				TARGETED_DEVICE_FAMILY = "1,2";
			};
			name = Debug;
		};
		8B4B4BA324FEE00100DEF116 /* Release */ = {
			isa = XCBuildConfiguration;
			buildSettings = {
				ASSETCATALOG_COMPILER_APPICON_NAME = AppIcon;
				CODE_SIGN_STYLE = Automatic;
				DEVELOPMENT_ASSET_PATHS = "\"SwiftUI-KDCalendar/Preview Content\"";
				DEVELOPMENT_TEAM = Q9769ZHH4G;
				ENABLE_PREVIEWS = YES;
				INFOPLIST_FILE = "SwiftUI-KDCalendar/Info.plist";
				LD_RUNPATH_SEARCH_PATHS = (
					"$(inherited)",
					"@executable_path/Frameworks",
				);
				OTHER_SWIFT_FLAGS = "";
				PRODUCT_BUNDLE_IDENTIFIER = "aegladfelter.SwiftUI-KDCalendar";
				PRODUCT_NAME = "$(TARGET_NAME)";
				"SWIFT_ACTIVE_COMPILATION_CONDITIONS[arch=*]" = KDCALENDAR_EVENT_MANAGER_ENABLED;
				SWIFT_VERSION = 5.0;
				TARGETED_DEVICE_FAMILY = "1,2";
			};
			name = Release;
		};
		8B4B4BA524FEE00100DEF116 /* Debug */ = {
			isa = XCBuildConfiguration;
			buildSettings = {
				ALWAYS_EMBED_SWIFT_STANDARD_LIBRARIES = YES;
				BUNDLE_LOADER = "$(TEST_HOST)";
				CODE_SIGN_STYLE = Automatic;
				DEVELOPMENT_TEAM = Q9769ZHH4G;
				INFOPLIST_FILE = "SwiftUI-KDCalendarTests/Info.plist";
				IPHONEOS_DEPLOYMENT_TARGET = 13.5;
				LD_RUNPATH_SEARCH_PATHS = (
					"$(inherited)",
					"@executable_path/Frameworks",
					"@loader_path/Frameworks",
				);
				PRODUCT_BUNDLE_IDENTIFIER = "aegladfelter.SwiftUI-KDCalendarTests";
				PRODUCT_NAME = "$(TARGET_NAME)";
				SWIFT_VERSION = 5.0;
				TARGETED_DEVICE_FAMILY = "1,2";
				TEST_HOST = "$(BUILT_PRODUCTS_DIR)/SwiftUI-KDCalendar.app/SwiftUI-KDCalendar";
			};
			name = Debug;
		};
		8B4B4BA624FEE00100DEF116 /* Release */ = {
			isa = XCBuildConfiguration;
			buildSettings = {
				ALWAYS_EMBED_SWIFT_STANDARD_LIBRARIES = YES;
				BUNDLE_LOADER = "$(TEST_HOST)";
				CODE_SIGN_STYLE = Automatic;
				DEVELOPMENT_TEAM = Q9769ZHH4G;
				INFOPLIST_FILE = "SwiftUI-KDCalendarTests/Info.plist";
				IPHONEOS_DEPLOYMENT_TARGET = 13.5;
				LD_RUNPATH_SEARCH_PATHS = (
					"$(inherited)",
					"@executable_path/Frameworks",
					"@loader_path/Frameworks",
				);
				PRODUCT_BUNDLE_IDENTIFIER = "aegladfelter.SwiftUI-KDCalendarTests";
				PRODUCT_NAME = "$(TARGET_NAME)";
				SWIFT_VERSION = 5.0;
				TARGETED_DEVICE_FAMILY = "1,2";
				TEST_HOST = "$(BUILT_PRODUCTS_DIR)/SwiftUI-KDCalendar.app/SwiftUI-KDCalendar";
			};
			name = Release;
		};
		8B4B4BA824FEE00100DEF116 /* Debug */ = {
			isa = XCBuildConfiguration;
			buildSettings = {
				ALWAYS_EMBED_SWIFT_STANDARD_LIBRARIES = YES;
				CODE_SIGN_STYLE = Automatic;
				DEVELOPMENT_TEAM = Q9769ZHH4G;
				INFOPLIST_FILE = "SwiftUI-KDCalendarUITests/Info.plist";
				LD_RUNPATH_SEARCH_PATHS = (
					"$(inherited)",
					"@executable_path/Frameworks",
					"@loader_path/Frameworks",
				);
				PRODUCT_BUNDLE_IDENTIFIER = "aegladfelter.SwiftUI-KDCalendarUITests";
				PRODUCT_NAME = "$(TARGET_NAME)";
				SWIFT_VERSION = 5.0;
				TARGETED_DEVICE_FAMILY = "1,2";
				TEST_TARGET_NAME = "SwiftUI-KDCalendar";
			};
			name = Debug;
		};
		8B4B4BA924FEE00100DEF116 /* Release */ = {
			isa = XCBuildConfiguration;
			buildSettings = {
				ALWAYS_EMBED_SWIFT_STANDARD_LIBRARIES = YES;
				CODE_SIGN_STYLE = Automatic;
				DEVELOPMENT_TEAM = Q9769ZHH4G;
				INFOPLIST_FILE = "SwiftUI-KDCalendarUITests/Info.plist";
				LD_RUNPATH_SEARCH_PATHS = (
					"$(inherited)",
					"@executable_path/Frameworks",
					"@loader_path/Frameworks",
				);
				PRODUCT_BUNDLE_IDENTIFIER = "aegladfelter.SwiftUI-KDCalendarUITests";
				PRODUCT_NAME = "$(TARGET_NAME)";
				SWIFT_VERSION = 5.0;
				TARGETED_DEVICE_FAMILY = "1,2";
				TEST_TARGET_NAME = "SwiftUI-KDCalendar";
			};
			name = Release;
		};
/* End XCBuildConfiguration section */

/* Begin XCConfigurationList section */
		8B4B4B6D24FEDFFF00DEF116 /* Build configuration list for PBXProject "SwiftUI-KDCalendar" */ = {
			isa = XCConfigurationList;
			buildConfigurations = (
				8B4B4B9F24FEE00100DEF116 /* Debug */,
				8B4B4BA024FEE00100DEF116 /* Release */,
			);
			defaultConfigurationIsVisible = 0;
			defaultConfigurationName = Release;
		};
		8B4B4BA124FEE00100DEF116 /* Build configuration list for PBXNativeTarget "SwiftUI-KDCalendar" */ = {
			isa = XCConfigurationList;
			buildConfigurations = (
				8B4B4BA224FEE00100DEF116 /* Debug */,
				8B4B4BA324FEE00100DEF116 /* Release */,
			);
			defaultConfigurationIsVisible = 0;
			defaultConfigurationName = Release;
		};
		8B4B4BA424FEE00100DEF116 /* Build configuration list for PBXNativeTarget "SwiftUI-KDCalendarTests" */ = {
			isa = XCConfigurationList;
			buildConfigurations = (
				8B4B4BA524FEE00100DEF116 /* Debug */,
				8B4B4BA624FEE00100DEF116 /* Release */,
			);
			defaultConfigurationIsVisible = 0;
			defaultConfigurationName = Release;
		};
		8B4B4BA724FEE00100DEF116 /* Build configuration list for PBXNativeTarget "SwiftUI-KDCalendarUITests" */ = {
			isa = XCConfigurationList;
			buildConfigurations = (
				8B4B4BA824FEE00100DEF116 /* Debug */,
				8B4B4BA924FEE00100DEF116 /* Release */,
			);
			defaultConfigurationIsVisible = 0;
			defaultConfigurationName = Release;
		};
/* End XCConfigurationList section */

/* Begin XCVersionGroup section */
		8B4B4B7724FEDFFF00DEF116 /* SwiftUI_KDCalendar.xcdatamodeld */ = {
			isa = XCVersionGroup;
			children = (
				8B4B4B7824FEDFFF00DEF116 /* SwiftUI_KDCalendar.xcdatamodel */,
			);
			currentVersion = 8B4B4B7824FEDFFF00DEF116 /* SwiftUI_KDCalendar.xcdatamodel */;
			path = SwiftUI_KDCalendar.xcdatamodeld;
			sourceTree = "<group>";
			versionGroupType = wrapper.xcdatamodel;
		};
/* End XCVersionGroup section */
	};
	rootObject = 8B4B4B6A24FEDFFF00DEF116 /* Project object */;
}
